
Microsoft Visual Studio Solution File, Format Version 9.00
# Visual Studio 2005
Project("{8BC9CEB8-8B4A-11D0-8D11-00A0C91BC942}") = "sequence_checker", "sequence_checker.vcproj", "{FD6B1219-97E7-420B-B7D1-45469E5D7929}"
EndProject
Project("{8BC9CEB8-8B4A-11D0-8D11-00A0C91BC942}") = "embUnit", "embUnit\embUnit\embUnit.vcproj", "{54DA54C3-1EC4-45A0-ABC1-56C92C1A2918}"
EndProject
Project("{8BC9CEB8-8B4A-11D0-8D11-00A0C91BC942}") = "textui", "textui\textui\textui.vcproj", "{E8CD29C7-5BCC-492B-ADA9-D884444231E4}"
EndProject
Global
	GlobalSection(DPCodeReviewSolutionGUID) = preSolution
		DPCodeReviewSolutionGUID = {00000000-0000-0000-0000-000000000000}
	EndGlobalSection
	GlobalSection(SolutionConfigurationPlatforms) = preSolution
		Debug|Win32 = Debug|Win32
		Release|Win32 = Release|Win32
		Test|Win32 = Test|Win32
	EndGlobalSection
	GlobalSection(ProjectConfigurationPlatforms) = postSolution
		{FD6B1219-97E7-420B-B7D1-45469E5D7929}.Debug|Win32.ActiveCfg = Debug|Win32
		{FD6B1219-97E7-420B-B7D1-45469E5D7929}.Debug|Win32.Build.0 = Debug|Win32
		{FD6B1219-97E7-420B-B7D1-45469E5D7929}.Release|Win32.ActiveCfg = Release|Win32
		{FD6B1219-97E7-420B-B7D1-45469E5D7929}.Release|Win32.Build.0 = Release|Win32
		{FD6B1219-97E7-420B-B7D1-45469E5D7929}.Test|Win32.ActiveCfg = Test|Win32
		{FD6B1219-97E7-420B-B7D1-45469E5D7929}.Test|Win32.Build.0 = Test|Win32
		{54DA54C3-1EC4-45A0-ABC1-56C92C1A2918}.Debug|Win32.ActiveCfg = Debug|Win32
		{54DA54C3-1EC4-45A0-ABC1-56C92C1A2918}.Debug|Win32.Build.0 = Debug|Win32
		{54DA54C3-1EC4-45A0-ABC1-56C92C1A2918}.Release|Win32.ActiveCfg = Release|Win32
		{54DA54C3-1EC4-45A0-ABC1-56C92C1A2918}.Release|Win32.Build.0 = Release|Win32
		{54DA54C3-1EC4-45A0-ABC1-56C92C1A2918}.Test|Win32.ActiveCfg = Release|Win32
		{54DA54C3-1EC4-45A0-ABC1-56C92C1A2918}.Test|Win32.Build.0 = Release|Win32
		{E8CD29C7-5BCC-492B-ADA9-D884444231E4}.Debug|Win32.ActiveCfg = Debug|Win32
		{E8CD29C7-5BCC-492B-ADA9-D884444231E4}.Debug|Win32.Build.0 = Debug|Win32
		{E8CD29C7-5BCC-492B-ADA9-D884444231E4}.Release|Win32.ActiveCfg = Release|Win32
		{E8CD29C7-5BCC-492B-ADA9-D884444231E4}.Release|Win32.Build.0 = Release|Win32
		{E8CD29C7-5BCC-492B-ADA9-D884444231E4}.Test|Win32.ActiveCfg = Release|Win32
		{E8CD29C7-5BCC-492B-ADA9-D884444231E4}.Test|Win32.Build.0 = Release|Win32
	EndGlobalSection
	GlobalSection(SolutionProperties) = preSolution
		HideSolutionNode = FALSE
	EndGlobalSection
EndGlobal
